
Microsoft Visual Studio Solution File, Format Version 12.00
# Visual Studio Version 16
VisualStudioVersion = 16.0.30413.136
MinimumVisualStudioVersion = 10.0.40219.1
Project("{FAE04EC0-301F-11D3-BF4B-00C04F79EFBC}") = "DigtalOwl-Upload", "DigtalOwl-Upload.csproj", "{A6CE3FD5-3AB1-4E21-9BEB-BB3EEF83CBB6}"
EndProject
Global
	GlobalSection(SolutionConfigurationPlatforms) = preSolution
		Debug|Any CPU = Debug|Any CPU
		Release|Any CPU = Release|Any CPU
	EndGlobalSection
	GlobalSection(ProjectConfigurationPlatforms) = postSolution
		{A6CE3FD5-3AB1-4E21-9BEB-BB3EEF83CBB6}.Debug|Any CPU.ActiveCfg = Debug|Any CPU
		{A6CE3FD5-3AB1-4E21-9BEB-BB3EEF83CBB6}.Debug|Any CPU.Build.0 = Debug|Any CPU
		{A6CE3FD5-3AB1-4E21-9BEB-BB3EEF83CBB6}.Release|Any CPU.ActiveCfg = Release|Any CPU
		{A6CE3FD5-3AB1-4E21-9BEB-BB3EEF83CBB6}.Release|Any CPU.Build.0 = Release|Any CPU
	EndGlobalSection
	GlobalSection(SolutionProperties) = preSolution
		HideSolutionNode = FALSE
	EndGlobalSection
	GlobalSection(ExtensibilityGlobals) = postSolution
		SolutionGuid = {1A5AACFB-D1A5-48AF-811D-F6C7DF59667B}
	EndGlobalSection
	GlobalSection(TeamFoundationVersionControl) = preSolution
		SccNumberOfProjects = 2
		SccEnterpriseProvider = {4CA58AB2-18FA-4F8D-95D4-32DDF27D184C}
		SccTeamFoundationServer = https://oferh.visualstudio.com/
		SccLocalPath0 = .
		SccProjectUniqueName1 = DigtalOwl-Upload.csproj
		SccLocalPath1 = .
	EndGlobalSection
EndGlobal
